
Microsoft Visual Studio Solution File, Format Version 12.00
# Visual Studio Version 17
VisualStudioVersion = 17.8.34330.188
MinimumVisualStudioVersion = 10.0.40219.1
Project("{2150E333-8FDC-42A3-9474-1A3956D46DE8}") = "Web", "Web", "{567F6BBA-0E28-47EC-9515-D9DFE040604B}"
EndProject
Project("{2150E333-8FDC-42A3-9474-1A3956D46DE8}") = "Libraries", "Libraries", "{CCE6A1E8-727E-4D05-AACB-6694629DFAFA}"
EndProject
Project("{9A19103F-16F7-4668-BE54-9A1E7A4F7556}") = "Portal.Components", "Portal.Components\Portal.Components.csproj", "{250CDBF5-E2C6-4796-A350-14FE6C61DFC0}"
EndProject
Project("{9A19103F-16F7-4668-BE54-9A1E7A4F7556}") = "Portal.Services", "Portal.Services\Portal.Services.csproj", "{0CBD729E-2C8A-4419-997E-FA97418239D2}"
EndProject
Project("{9A19103F-16F7-4668-BE54-9A1E7A4F7556}") = "Portal.Shared", "Portal.Shared\Portal.Shared.csproj", "{1D9C36E1-01DC-49AE-9CE9-AE1743B51618}"
EndProject
Project("{9A19103F-16F7-4668-BE54-9A1E7A4F7556}") = "Portal.UI", "Portal.UI\Portal.UI.csproj", "{FD2F8856-062E-4FD9-AB95-848778B289A4}"
EndProject
Project("{2150E333-8FDC-42A3-9474-1A3956D46DE8}") = "Maui", "Maui", "{04E7DE65-9329-419E-A0D7-2D5C6988DF6F}"
EndProject
Project("{9A19103F-16F7-4668-BE54-9A1E7A4F7556}") = "Maui.Hyb", "Maui.Hyb\Maui.Hyb.csproj", "{DC30E812-A5B1-445D-8F2E-907206D16E3F}"
EndProject
Project("{9A19103F-16F7-4668-BE54-9A1E7A4F7556}") = "Maui.Shared", "Maui.Shared\Maui.Shared.csproj", "{B1CE679A-4576-4517-9E3E-80874625C7BC}"
EndProject
Global
	GlobalSection(SolutionConfigurationPlatforms) = preSolution
		Debug|Any CPU = Debug|Any CPU
		Release|Any CPU = Release|Any CPU
	EndGlobalSection
	GlobalSection(ProjectConfigurationPlatforms) = postSolution
		{250CDBF5-E2C6-4796-A350-14FE6C61DFC0}.Debug|Any CPU.ActiveCfg = Debug|Any CPU
		{250CDBF5-E2C6-4796-A350-14FE6C61DFC0}.Debug|Any CPU.Build.0 = Debug|Any CPU
		{250CDBF5-E2C6-4796-A350-14FE6C61DFC0}.Release|Any CPU.ActiveCfg = Release|Any CPU
		{250CDBF5-E2C6-4796-A350-14FE6C61DFC0}.Release|Any CPU.Build.0 = Release|Any CPU
		{0CBD729E-2C8A-4419-997E-FA97418239D2}.Debug|Any CPU.ActiveCfg = Debug|Any CPU
		{0CBD729E-2C8A-4419-997E-FA97418239D2}.Debug|Any CPU.Build.0 = Debug|Any CPU
		{0CBD729E-2C8A-4419-997E-FA97418239D2}.Release|Any CPU.ActiveCfg = Release|Any CPU
		{0CBD729E-2C8A-4419-997E-FA97418239D2}.Release|Any CPU.Build.0 = Release|Any CPU
		{1D9C36E1-01DC-49AE-9CE9-AE1743B51618}.Debug|Any CPU.ActiveCfg = Debug|Any CPU
		{1D9C36E1-01DC-49AE-9CE9-AE1743B51618}.Debug|Any CPU.Build.0 = Debug|Any CPU
		{1D9C36E1-01DC-49AE-9CE9-AE1743B51618}.Release|Any CPU.ActiveCfg = Release|Any CPU
		{1D9C36E1-01DC-49AE-9CE9-AE1743B51618}.Release|Any CPU.Build.0 = Release|Any CPU
		{FD2F8856-062E-4FD9-AB95-848778B289A4}.Debug|Any CPU.ActiveCfg = Debug|Any CPU
		{FD2F8856-062E-4FD9-AB95-848778B289A4}.Debug|Any CPU.Build.0 = Debug|Any CPU
		{FD2F8856-062E-4FD9-AB95-848778B289A4}.Release|Any CPU.ActiveCfg = Release|Any CPU
		{FD2F8856-062E-4FD9-AB95-848778B289A4}.Release|Any CPU.Build.0 = Release|Any CPU
		{DC30E812-A5B1-445D-8F2E-907206D16E3F}.Debug|Any CPU.ActiveCfg = Debug|Any CPU
		{DC30E812-A5B1-445D-8F2E-907206D16E3F}.Debug|Any CPU.Build.0 = Debug|Any CPU
		{DC30E812-A5B1-445D-8F2E-907206D16E3F}.Debug|Any CPU.Deploy.0 = Debug|Any CPU
		{DC30E812-A5B1-445D-8F2E-907206D16E3F}.Release|Any CPU.ActiveCfg = Release|Any CPU
		{DC30E812-A5B1-445D-8F2E-907206D16E3F}.Release|Any CPU.Build.0 = Release|Any CPU
		{DC30E812-A5B1-445D-8F2E-907206D16E3F}.Release|Any CPU.Deploy.0 = Release|Any CPU
		{B1CE679A-4576-4517-9E3E-80874625C7BC}.Debug|Any CPU.ActiveCfg = Debug|Any CPU
		{B1CE679A-4576-4517-9E3E-80874625C7BC}.Debug|Any CPU.Build.0 = Debug|Any CPU
		{B1CE679A-4576-4517-9E3E-80874625C7BC}.Debug|Any CPU.Deploy.0 = Debug|Any CPU
		{B1CE679A-4576-4517-9E3E-80874625C7BC}.Release|Any CPU.ActiveCfg = Release|Any CPU
		{B1CE679A-4576-4517-9E3E-80874625C7BC}.Release|Any CPU.Build.0 = Release|Any CPU
		{B1CE679A-4576-4517-9E3E-80874625C7BC}.Release|Any CPU.Deploy.0 = Release|Any CPU
	EndGlobalSection
	GlobalSection(SolutionProperties) = preSolution
		HideSolutionNode = FALSE
	EndGlobalSection
	GlobalSection(NestedProjects) = preSolution
		{250CDBF5-E2C6-4796-A350-14FE6C61DFC0} = {CCE6A1E8-727E-4D05-AACB-6694629DFAFA}
		{0CBD729E-2C8A-4419-997E-FA97418239D2} = {CCE6A1E8-727E-4D05-AACB-6694629DFAFA}
		{1D9C36E1-01DC-49AE-9CE9-AE1743B51618} = {CCE6A1E8-727E-4D05-AACB-6694629DFAFA}
		{FD2F8856-062E-4FD9-AB95-848778B289A4} = {567F6BBA-0E28-47EC-9515-D9DFE040604B}
		{DC30E812-A5B1-445D-8F2E-907206D16E3F} = {04E7DE65-9329-419E-A0D7-2D5C6988DF6F}
		{B1CE679A-4576-4517-9E3E-80874625C7BC} = {04E7DE65-9329-419E-A0D7-2D5C6988DF6F}
	EndGlobalSection
	GlobalSection(ExtensibilityGlobals) = postSolution
		SolutionGuid = {9FA29334-A687-4271-AF58-7308ADFD8BD6}
	EndGlobalSection
EndGlobal
